
Microsoft Visual Studio Solution File, Format Version 12.00
# Visual Studio Version 17
VisualStudioVersion = 17.5.002.0
MinimumVisualStudioVersion = 10.0.40219.1
Project("{9A19103F-16F7-4668-BE54-9A1E7A4F7556}") = "SummaryIdeExtensions.SummaryWatch", "summary-watch\SummaryIdeExtensions.SummaryWatch.csproj", "{C7F3261F-63EA-4CB3-9321-3B846CA6203C}"
EndProject
Project("{9A19103F-16F7-4668-BE54-9A1E7A4F7556}") = "SummaryIdeExtensions.SummaryWatch.Test", "summary-watch.Test\SummaryIdeExtensions.SummaryWatch.Test.csproj", "{ACE09D89-93BA-4E52-A74F-DFB440AA9E3D}"
EndProject
Global
	GlobalSection(SolutionConfigurationPlatforms) = preSolution
		Debug|Any CPU = Debug|Any CPU
		Release|Any CPU = Release|Any CPU
	EndGlobalSection
	GlobalSection(ProjectConfigurationPlatforms) = postSolution
		{C7F3261F-63EA-4CB3-9321-3B846CA6203C}.Debug|Any CPU.ActiveCfg = Debug|Any CPU
		{C7F3261F-63EA-4CB3-9321-3B846CA6203C}.Debug|Any CPU.Build.0 = Debug|Any CPU
		{C7F3261F-63EA-4CB3-9321-3B846CA6203C}.Release|Any CPU.ActiveCfg = Release|Any CPU
		{C7F3261F-63EA-4CB3-9321-3B846CA6203C}.Release|Any CPU.Build.0 = Release|Any CPU
		{ACE09D89-93BA-4E52-A74F-DFB440AA9E3D}.Debug|Any CPU.ActiveCfg = Debug|Any CPU
		{ACE09D89-93BA-4E52-A74F-DFB440AA9E3D}.Debug|Any CPU.Build.0 = Debug|Any CPU
		{ACE09D89-93BA-4E52-A74F-DFB440AA9E3D}.Release|Any CPU.ActiveCfg = Release|Any CPU
		{ACE09D89-93BA-4E52-A74F-DFB440AA9E3D}.Release|Any CPU.Build.0 = Release|Any CPU
	EndGlobalSection
	GlobalSection(SolutionProperties) = preSolution
		HideSolutionNode = FALSE
	EndGlobalSection
	GlobalSection(ExtensibilityGlobals) = postSolution
		SolutionGuid = {5AC8ADC7-A283-4F7A-8A73-B7D008FA676D}
	EndGlobalSection
EndGlobal
